
Microsoft Visual Studio Solution File, Format Version 12.00
# Visual Studio 15
VisualStudioVersion = 15.0.28307.271
MinimumVisualStudioVersion = 10.0.40219.1
Project("{FAE04EC0-301F-11D3-BF4B-00C04F79EFBC}") = "NullHab.App", "NullHab.App\NullHab.App.csproj", "{F55236EA-2731-4003-BFB6-78CD1F2C092B}"
EndProject
Global
	GlobalSection(SolutionConfigurationPlatforms) = preSolution
		Debug|Any CPU = Debug|Any CPU
		Release|Any CPU = Release|Any CPU
	EndGlobalSection
	GlobalSection(ProjectConfigurationPlatforms) = postSolution
		{F55236EA-2731-4003-BFB6-78CD1F2C092B}.Debug|Any CPU.ActiveCfg = Debug|Any CPU
		{F55236EA-2731-4003-BFB6-78CD1F2C092B}.Debug|Any CPU.Build.0 = Debug|Any CPU
		{F55236EA-2731-4003-BFB6-78CD1F2C092B}.Release|Any CPU.ActiveCfg = Release|Any CPU
		{F55236EA-2731-4003-BFB6-78CD1F2C092B}.Release|Any CPU.Build.0 = Release|Any CPU
	EndGlobalSection
	GlobalSection(SolutionProperties) = preSolution
		HideSolutionNode = FALSE
	EndGlobalSection
	GlobalSection(ExtensibilityGlobals) = postSolution
		SolutionGuid = {C6420EB0-33C9-4411-99CE-87CA3DE1EC32}
	EndGlobalSection
EndGlobal
